
Microsoft Visual Studio Solution File, Format Version 12.00
# Visual Studio Version 17
VisualStudioVersion = 17.13.35806.99 d17.13
MinimumVisualStudioVersion = 10.0.40219.1
Project("{FAE04EC0-301F-11D3-BF4B-00C04F79EFBC}") = "TicketManagmnet", "TicketManagmnet\TicketManagmnet.csproj", "{261FA878-499E-419C-89AB-ACD48233C3C2}"
EndProject
Global
	GlobalSection(SolutionConfigurationPlatforms) = preSolution
		Debug|Any CPU = Debug|Any CPU
		Release|Any CPU = Release|Any CPU
	EndGlobalSection
	GlobalSection(ProjectConfigurationPlatforms) = postSolution
		{261FA878-499E-419C-89AB-ACD48233C3C2}.Debug|Any CPU.ActiveCfg = Debug|Any CPU
		{261FA878-499E-419C-89AB-ACD48233C3C2}.Debug|Any CPU.Build.0 = Debug|Any CPU
		{261FA878-499E-419C-89AB-ACD48233C3C2}.Release|Any CPU.ActiveCfg = Release|Any CPU
		{261FA878-499E-419C-89AB-ACD48233C3C2}.Release|Any CPU.Build.0 = Release|Any CPU
	EndGlobalSection
	GlobalSection(SolutionProperties) = preSolution
		HideSolutionNode = FALSE
	EndGlobalSection
	GlobalSection(ExtensibilityGlobals) = postSolution
		SolutionGuid = {4AB06C17-C16B-4779-B437-6370B33C7D49}
	EndGlobalSection
EndGlobal
